
Microsoft Visual Studio Solution File, Format Version 12.00
# Visual Studio 15
VisualStudioVersion = 15.0.28307.1321
MinimumVisualStudioVersion = 10.0.40219.1
Project("{FAE04EC0-301F-11D3-BF4B-00C04F79EFBC}") = "ClassMetotDemo", "ClassMetotDemo\ClassMetotDemo.csproj", "{DA672035-5133-47AB-9F8E-84383E95904F}"
EndProject
Global
	GlobalSection(SolutionConfigurationPlatforms) = preSolution
		Debug|Any CPU = Debug|Any CPU
		Release|Any CPU = Release|Any CPU
	EndGlobalSection
	GlobalSection(ProjectConfigurationPlatforms) = postSolution
		{DA672035-5133-47AB-9F8E-84383E95904F}.Debug|Any CPU.ActiveCfg = Debug|Any CPU
		{DA672035-5133-47AB-9F8E-84383E95904F}.Debug|Any CPU.Build.0 = Debug|Any CPU
		{DA672035-5133-47AB-9F8E-84383E95904F}.Release|Any CPU.ActiveCfg = Release|Any CPU
		{DA672035-5133-47AB-9F8E-84383E95904F}.Release|Any CPU.Build.0 = Release|Any CPU
	EndGlobalSection
	GlobalSection(SolutionProperties) = preSolution
		HideSolutionNode = FALSE
	EndGlobalSection
	GlobalSection(ExtensibilityGlobals) = postSolution
		SolutionGuid = {50875A14-ABE2-4C68-9429-982D5291A883}
	EndGlobalSection
EndGlobal
